// !$*UTF8*$!
{
	archiveVersion = 1;
	classes = {
	};
	objectVersion = 46;
	objects = {

/* Begin PBXBuildFile section */
		2D83A561180E1043E2F466BB /* Pods_epixsoft_social.framework in Frameworks */ = {isa = PBXBuildFile; fileRef = 884D7E2FC188674251A898F0 /* Pods_epixsoft_social.framework */; };
		A72790661E46566B00211CE9 /* AppDelegate.swift in Sources */ = {isa = PBXBuildFile; fileRef = A72790651E46566B00211CE9 /* AppDelegate.swift */; };
		A72790681E46566B00211CE9 /* SignInVC.swift in Sources */ = {isa = PBXBuildFile; fileRef = A72790671E46566B00211CE9 /* SignInVC.swift */; };
		A727906B1E46566B00211CE9 /* Main.storyboard in Resources */ = {isa = PBXBuildFile; fileRef = A72790691E46566B00211CE9 /* Main.storyboard */; };
		A727906D1E46566B00211CE9 /* Assets.xcassets in Resources */ = {isa = PBXBuildFile; fileRef = A727906C1E46566B00211CE9 /* Assets.xcassets */; };
		A72790701E46566B00211CE9 /* LaunchScreen.storyboard in Resources */ = {isa = PBXBuildFile; fileRef = A727906E1E46566B00211CE9 /* LaunchScreen.storyboard */; };
		A72790781E4656AF00211CE9 /* GoogleService-Info.plist in Resources */ = {isa = PBXBuildFile; fileRef = A72790771E4656AF00211CE9 /* GoogleService-Info.plist */; };
		A77DAE151E4D0C220032066C /* FeedVC.swift in Sources */ = {isa = PBXBuildFile; fileRef = A77DAE141E4D0C220032066C /* FeedVC.swift */; };
		A7EE6C831E4E4B8300F47CE8 /* CircleView.swift in Sources */ = {isa = PBXBuildFile; fileRef = A7EE6C821E4E4B8300F47CE8 /* CircleView.swift */; };
		A7EE6C851E4E5CCD00F47CE8 /* PostCell.swift in Sources */ = {isa = PBXBuildFile; fileRef = A7EE6C841E4E5CCD00F47CE8 /* PostCell.swift */; };
		A7EE6C881E4F1C0500F47CE8 /* DataService.swift in Sources */ = {isa = PBXBuildFile; fileRef = A7EE6C871E4F1C0500F47CE8 /* DataService.swift */; };
		A7EE6C8A1E4F336D00F47CE8 /* Post.swift in Sources */ = {isa = PBXBuildFile; fileRef = A7EE6C891E4F336D00F47CE8 /* Post.swift */; };
		A7EF8F591E47AAEB00B42A93 /* FancyView.swift in Sources */ = {isa = PBXBuildFile; fileRef = A7EF8F581E47AAEB00B42A93 /* FancyView.swift */; };
		A7EF8F5C1E47AB7200B42A93 /* Constants.swift in Sources */ = {isa = PBXBuildFile; fileRef = A7EF8F5B1E47AB7200B42A93 /* Constants.swift */; };
		A7EF8F5E1E47AD9A00B42A93 /* RoundBtn.swift in Sources */ = {isa = PBXBuildFile; fileRef = A7EF8F5D1E47AD9A00B42A93 /* RoundBtn.swift */; };
		A7EF8F601E47AF1300B42A93 /* FancyField.swift in Sources */ = {isa = PBXBuildFile; fileRef = A7EF8F5F1E47AF1300B42A93 /* FancyField.swift */; };
		A7EF8F621E47B03A00B42A93 /* FancyBtn.swift in Sources */ = {isa = PBXBuildFile; fileRef = A7EF8F611E47B03A00B42A93 /* FancyBtn.swift */; };
/* End PBXBuildFile section */

/* Begin PBXFileReference section */
		295ED95A2D02477BA96847D1 /* Pods-epixsoft social.debug.xcconfig */ = {isa = PBXFileReference; includeInIndex = 1; lastKnownFileType = text.xcconfig; name = "Pods-epixsoft social.debug.xcconfig"; path = "Pods/Target Support Files/Pods-epixsoft social/Pods-epixsoft social.debug.xcconfig"; sourceTree = "<group>"; };
		884D7E2FC188674251A898F0 /* Pods_epixsoft_social.framework */ = {isa = PBXFileReference; explicitFileType = wrapper.framework; includeInIndex = 0; path = Pods_epixsoft_social.framework; sourceTree = BUILT_PRODUCTS_DIR; };
		A72790621E46566B00211CE9 /* epixsoft social.app */ = {isa = PBXFileReference; explicitFileType = wrapper.application; includeInIndex = 0; path = "epixsoft social.app"; sourceTree = BUILT_PRODUCTS_DIR; };
		A72790651E46566B00211CE9 /* AppDelegate.swift */ = {isa = PBXFileReference; lastKnownFileType = sourcecode.swift; path = AppDelegate.swift; sourceTree = "<group>"; };
		A72790671E46566B00211CE9 /* SignInVC.swift */ = {isa = PBXFileReference; lastKnownFileType = sourcecode.swift; path = SignInVC.swift; sourceTree = "<group>"; };
		A727906A1E46566B00211CE9 /* Base */ = {isa = PBXFileReference; lastKnownFileType = file.storyboard; name = Base; path = Base.lproj/Main.storyboard; sourceTree = "<group>"; };
		A727906C1E46566B00211CE9 /* Assets.xcassets */ = {isa = PBXFileReference; lastKnownFileType = folder.assetcatalog; path = Assets.xcassets; sourceTree = "<group>"; };
		A727906F1E46566B00211CE9 /* Base */ = {isa = PBXFileReference; lastKnownFileType = file.storyboard; name = Base; path = Base.lproj/LaunchScreen.storyboard; sourceTree = "<group>"; };
		A72790711E46566B00211CE9 /* Info.plist */ = {isa = PBXFileReference; lastKnownFileType = text.plist.xml; path = Info.plist; sourceTree = "<group>"; };
		A72790771E4656AF00211CE9 /* GoogleService-Info.plist */ = {isa = PBXFileReference; fileEncoding = 4; lastKnownFileType = text.plist.xml; path = "GoogleService-Info.plist"; sourceTree = "<group>"; };
		A77DAE141E4D0C220032066C /* FeedVC.swift */ = {isa = PBXFileReference; fileEncoding = 4; lastKnownFileType = sourcecode.swift; path = FeedVC.swift; sourceTree = "<group>"; };
		A7B81DF91E49104200375A99 /* epixsoft social.entitlements */ = {isa = PBXFileReference; lastKnownFileType = text.plist.entitlements; path = "epixsoft social.entitlements"; sourceTree = "<group>"; };
		A7EE6C821E4E4B8300F47CE8 /* CircleView.swift */ = {isa = PBXFileReference; fileEncoding = 4; lastKnownFileType = sourcecode.swift; path = CircleView.swift; sourceTree = "<group>"; };
		A7EE6C841E4E5CCD00F47CE8 /* PostCell.swift */ = {isa = PBXFileReference; fileEncoding = 4; lastKnownFileType = sourcecode.swift; path = PostCell.swift; sourceTree = "<group>"; };
		A7EE6C871E4F1C0500F47CE8 /* DataService.swift */ = {isa = PBXFileReference; fileEncoding = 4; lastKnownFileType = sourcecode.swift; path = DataService.swift; sourceTree = "<group>"; };
		A7EE6C891E4F336D00F47CE8 /* Post.swift */ = {isa = PBXFileReference; fileEncoding = 4; lastKnownFileType = sourcecode.swift; path = Post.swift; sourceTree = "<group>"; };
		A7EF8F581E47AAEB00B42A93 /* FancyView.swift */ = {isa = PBXFileReference; fileEncoding = 4; lastKnownFileType = sourcecode.swift; path = FancyView.swift; sourceTree = "<group>"; };
		A7EF8F5B1E47AB7200B42A93 /* Constants.swift */ = {isa = PBXFileReference; fileEncoding = 4; lastKnownFileType = sourcecode.swift; path = Constants.swift; sourceTree = "<group>"; };
		A7EF8F5D1E47AD9A00B42A93 /* RoundBtn.swift */ = {isa = PBXFileReference; fileEncoding = 4; lastKnownFileType = sourcecode.swift; path = RoundBtn.swift; sourceTree = "<group>"; };
		A7EF8F5F1E47AF1300B42A93 /* FancyField.swift */ = {isa = PBXFileReference; fileEncoding = 4; lastKnownFileType = sourcecode.swift; path = FancyField.swift; sourceTree = "<group>"; };
		A7EF8F611E47B03A00B42A93 /* FancyBtn.swift */ = {isa = PBXFileReference; fileEncoding = 4; lastKnownFileType = sourcecode.swift; path = FancyBtn.swift; sourceTree = "<group>"; };
		F14DA7BECE16F34881CF0C2A /* Pods-epixsoft social.release.xcconfig */ = {isa = PBXFileReference; includeInIndex = 1; lastKnownFileType = text.xcconfig; name = "Pods-epixsoft social.release.xcconfig"; path = "Pods/Target Support Files/Pods-epixsoft social/Pods-epixsoft social.release.xcconfig"; sourceTree = "<group>"; };
/* End PBXFileReference section */

/* Begin PBXFrameworksBuildPhase section */
		A727905F1E46566B00211CE9 /* Frameworks */ = {
			isa = PBXFrameworksBuildPhase;
			buildActionMask = 2147483647;
			files = (
				2D83A561180E1043E2F466BB /* Pods_epixsoft_social.framework in Frameworks */,
			);
			runOnlyForDeploymentPostprocessing = 0;
		};
/* End PBXFrameworksBuildPhase section */

/* Begin PBXGroup section */
		47150D5E099D8AA5718B3560 /* Pods */ = {
			isa = PBXGroup;
			children = (
				295ED95A2D02477BA96847D1 /* Pods-epixsoft social.debug.xcconfig */,
				F14DA7BECE16F34881CF0C2A /* Pods-epixsoft social.release.xcconfig */,
			);
			name = Pods;
			sourceTree = "<group>";
		};
		9EF7B92440729004E64012CB /* Frameworks */ = {
			isa = PBXGroup;
			children = (
				884D7E2FC188674251A898F0 /* Pods_epixsoft_social.framework */,
			);
			name = Frameworks;
			sourceTree = "<group>";
		};
		A72790591E46566B00211CE9 = {
			isa = PBXGroup;
			children = (
				A72790641E46566B00211CE9 /* epixsoft social */,
				A72790631E46566B00211CE9 /* Products */,
				47150D5E099D8AA5718B3560 /* Pods */,
				9EF7B92440729004E64012CB /* Frameworks */,
			);
			sourceTree = "<group>";
		};
		A72790631E46566B00211CE9 /* Products */ = {
			isa = PBXGroup;
			children = (
				A72790621E46566B00211CE9 /* epixsoft social.app */,
			);
			name = Products;
			sourceTree = "<group>";
		};
		A72790641E46566B00211CE9 /* epixsoft social */ = {
			isa = PBXGroup;
			children = (
				A7EE6C861E4F1BEC00F47CE8 /* Services */,
				A7B81DF91E49104200375A99 /* epixsoft social.entitlements */,
				A7EF8F5A1E47AB5E00B42A93 /* Util */,
				A7FBB1F11E465DAC00EACF43 /* Resources */,
				A7FBB1EE1E46591700EACF43 /* Model */,
				A7FBB1EF1E46591B00EACF43 /* View */,
				A7FBB1F01E46592100EACF43 /* Controller */,
				A72790651E46566B00211CE9 /* AppDelegate.swift */,
				A72790691E46566B00211CE9 /* Main.storyboard */,
				A727906C1E46566B00211CE9 /* Assets.xcassets */,
				A727906E1E46566B00211CE9 /* LaunchScreen.storyboard */,
				A72790711E46566B00211CE9 /* Info.plist */,
				A72790771E4656AF00211CE9 /* GoogleService-Info.plist */,
			);
			path = "epixsoft social";
			sourceTree = "<group>";
		};
		A7EE6C861E4F1BEC00F47CE8 /* Services */ = {
			isa = PBXGroup;
			children = (
				A7EE6C871E4F1C0500F47CE8 /* DataService.swift */,
			);
			name = Services;
			sourceTree = "<group>";
		};
		A7EF8F5A1E47AB5E00B42A93 /* Util */ = {
			isa = PBXGroup;
			children = (
				A7EF8F5B1E47AB7200B42A93 /* Constants.swift */,
			);
			name = Util;
			sourceTree = "<group>";
		};
		A7FBB1EE1E46591700EACF43 /* Model */ = {
			isa = PBXGroup;
			children = (
				A7EE6C891E4F336D00F47CE8 /* Post.swift */,
			);
			name = Model;
			sourceTree = "<group>";
		};
		A7FBB1EF1E46591B00EACF43 /* View */ = {
			isa = PBXGroup;
			children = (
				A7EF8F581E47AAEB00B42A93 /* FancyView.swift */,
				A7EF8F5D1E47AD9A00B42A93 /* RoundBtn.swift */,
				A7EF8F5F1E47AF1300B42A93 /* FancyField.swift */,
				A7EF8F611E47B03A00B42A93 /* FancyBtn.swift */,
				A7EE6C821E4E4B8300F47CE8 /* CircleView.swift */,
				A7EE6C841E4E5CCD00F47CE8 /* PostCell.swift */,
			);
			name = View;
			sourceTree = "<group>";
		};
		A7FBB1F01E46592100EACF43 /* Controller */ = {
			isa = PBXGroup;
			children = (
				A72790671E46566B00211CE9 /* SignInVC.swift */,
				A77DAE141E4D0C220032066C /* FeedVC.swift */,
			);
			name = Controller;
			sourceTree = "<group>";
		};
		A7FBB1F11E465DAC00EACF43 /* Resources */ = {
			isa = PBXGroup;
			children = (
			);
			name = Resources;
			sourceTree = "<group>";
		};
/* End PBXGroup section */

/* Begin PBXNativeTarget section */
		A72790611E46566B00211CE9 /* epixsoft social */ = {
			isa = PBXNativeTarget;
			buildConfigurationList = A72790741E46566B00211CE9 /* Build configuration list for PBXNativeTarget "epixsoft social" */;
			buildPhases = (
				C64E293D782C1B72876D22E5 /* [CP] Check Pods Manifest.lock */,
				A727905E1E46566B00211CE9 /* Sources */,
				A727905F1E46566B00211CE9 /* Frameworks */,
				A72790601E46566B00211CE9 /* Resources */,
				1C71616428595DC5DC562F1C /* [CP] Embed Pods Frameworks */,
				959622B8D8D9AF4DC25F4B40 /* [CP] Copy Pods Resources */,
			);
			buildRules = (
			);
			dependencies = (
			);
			name = "epixsoft social";
			productName = "epixsoft social";
			productReference = A72790621E46566B00211CE9 /* epixsoft social.app */;
			productType = "com.apple.product-type.application";
		};
/* End PBXNativeTarget section */

/* Begin PBXProject section */
		A727905A1E46566B00211CE9 /* Project object */ = {
			isa = PBXProject;
			attributes = {
				LastSwiftUpdateCheck = 0820;
				LastUpgradeCheck = 0820;
				ORGANIZATIONNAME = EpixSoft;
				TargetAttributes = {
					A72790611E46566B00211CE9 = {
						CreatedOnToolsVersion = 8.2.1;
						DevelopmentTeam = XL6987KDEY;
						ProvisioningStyle = Automatic;
						SystemCapabilities = {
							com.apple.Keychain = {
								enabled = 1;
							};
						};
					};
				};
			};
			buildConfigurationList = A727905D1E46566B00211CE9 /* Build configuration list for PBXProject "epixsoft social" */;
			compatibilityVersion = "Xcode 3.2";
			developmentRegion = English;
			hasScannedForEncodings = 0;
			knownRegions = (
				en,
				Base,
			);
			mainGroup = A72790591E46566B00211CE9;
			productRefGroup = A72790631E46566B00211CE9 /* Products */;
			projectDirPath = "";
			projectRoot = "";
			targets = (
				A72790611E46566B00211CE9 /* epixsoft social */,
			);
		};
/* End PBXProject section */

/* Begin PBXResourcesBuildPhase section */
		A72790601E46566B00211CE9 /* Resources */ = {
			isa = PBXResourcesBuildPhase;
			buildActionMask = 2147483647;
			files = (
				A72790701E46566B00211CE9 /* LaunchScreen.storyboard in Resources */,
				A727906D1E46566B00211CE9 /* Assets.xcassets in Resources */,
				A72790781E4656AF00211CE9 /* GoogleService-Info.plist in Resources */,
				A727906B1E46566B00211CE9 /* Main.storyboard in Resources */,
			);
			runOnlyForDeploymentPostprocessing = 0;
		};
/* End PBXResourcesBuildPhase section */

/* Begin PBXShellScriptBuildPhase section */
		1C71616428595DC5DC562F1C /* [CP] Embed Pods Frameworks */ = {
			isa = PBXShellScriptBuildPhase;
			buildActionMask = 2147483647;
			files = (
			);
			inputPaths = (
			);
			name = "[CP] Embed Pods Frameworks";
			outputPaths = (
			);
			runOnlyForDeploymentPostprocessing = 0;
			shellPath = /bin/sh;
			shellScript = "\"${SRCROOT}/Pods/Target Support Files/Pods-epixsoft social/Pods-epixsoft social-frameworks.sh\"\n";
			showEnvVarsInLog = 0;
		};
		959622B8D8D9AF4DC25F4B40 /* [CP] Copy Pods Resources */ = {
			isa = PBXShellScriptBuildPhase;
			buildActionMask = 2147483647;
			files = (
			);
			inputPaths = (
			);
			name = "[CP] Copy Pods Resources";
			outputPaths = (
			);
			runOnlyForDeploymentPostprocessing = 0;
			shellPath = /bin/sh;
			shellScript = "\"${SRCROOT}/Pods/Target Support Files/Pods-epixsoft social/Pods-epixsoft social-resources.sh\"\n";
			showEnvVarsInLog = 0;
		};
		C64E293D782C1B72876D22E5 /* [CP] Check Pods Manifest.lock */ = {
			isa = PBXShellScriptBuildPhase;
			buildActionMask = 2147483647;
			files = (
			);
			inputPaths = (
			);
			name = "[CP] Check Pods Manifest.lock";
			outputPaths = (
			);
			runOnlyForDeploymentPostprocessing = 0;
			shellPath = /bin/sh;
			shellScript = "diff \"${PODS_ROOT}/../Podfile.lock\" \"${PODS_ROOT}/Manifest.lock\" > /dev/null\nif [ $? != 0 ] ; then\n    # print error to STDERR\n    echo \"error: The sandbox is not in sync with the Podfile.lock. Run 'pod install' or update your CocoaPods installation.\" >&2\n    exit 1\nfi\n";
			showEnvVarsInLog = 0;
		};
/* End PBXShellScriptBuildPhase section */

/* Begin PBXSourcesBuildPhase section */
		A727905E1E46566B00211CE9 /* Sources */ = {
			isa = PBXSourcesBuildPhase;
			buildActionMask = 2147483647;
			files = (
				A7EE6C831E4E4B8300F47CE8 /* CircleView.swift in Sources */,
				A7EF8F601E47AF1300B42A93 /* FancyField.swift in Sources */,
				A72790681E46566B00211CE9 /* SignInVC.swift in Sources */,
				A7EE6C8A1E4F336D00F47CE8 /* Post.swift in Sources */,
				A7EF8F5E1E47AD9A00B42A93 /* RoundBtn.swift in Sources */,
				A72790661E46566B00211CE9 /* AppDelegate.swift in Sources */,
				A7EE6C881E4F1C0500F47CE8 /* DataService.swift in Sources */,
				A77DAE151E4D0C220032066C /* FeedVC.swift in Sources */,
				A7EF8F591E47AAEB00B42A93 /* FancyView.swift in Sources */,
				A7EF8F5C1E47AB7200B42A93 /* Constants.swift in Sources */,
				A7EF8F621E47B03A00B42A93 /* FancyBtn.swift in Sources */,
				A7EE6C851E4E5CCD00F47CE8 /* PostCell.swift in Sources */,
			);
			runOnlyForDeploymentPostprocessing = 0;
		};
/* End PBXSourcesBuildPhase section */

/* Begin PBXVariantGroup section */
		A72790691E46566B00211CE9 /* Main.storyboard */ = {
			isa = PBXVariantGroup;
			children = (
				A727906A1E46566B00211CE9 /* Base */,
			);
			name = Main.storyboard;
			sourceTree = "<group>";
		};
		A727906E1E46566B00211CE9 /* LaunchScreen.storyboard */ = {
			isa = PBXVariantGroup;
			children = (
				A727906F1E46566B00211CE9 /* Base */,
			);
			name = LaunchScreen.storyboard;
			sourceTree = "<group>";
		};
/* End PBXVariantGroup section */

/* Begin XCBuildConfiguration section */
		A72790721E46566B00211CE9 /* Debug */ = {
			isa = XCBuildConfiguration;
			buildSettings = {
				ALWAYS_SEARCH_USER_PATHS = NO;
				CLANG_ANALYZER_NONNULL = YES;
				CLANG_CXX_LANGUAGE_STANDARD = "gnu++0x";
				CLANG_CXX_LIBRARY = "libc++";
				CLANG_ENABLE_MODULES = YES;
				CLANG_ENABLE_OBJC_ARC = YES;
				CLANG_WARN_BOOL_CONVERSION = YES;
				CLANG_WARN_CONSTANT_CONVERSION = YES;
				CLANG_WARN_DIRECT_OBJC_ISA_USAGE = YES_ERROR;
				CLANG_WARN_DOCUMENTATION_COMMENTS = YES;
				CLANG_WARN_EMPTY_BODY = YES;
				CLANG_WARN_ENUM_CONVERSION = YES;
				CLANG_WARN_INFINITE_RECURSION = YES;
				CLANG_WARN_INT_CONVERSION = YES;
				CLANG_WARN_OBJC_ROOT_CLASS = YES_ERROR;
				CLANG_WARN_SUSPICIOUS_MOVE = YES;
				CLANG_WARN_UNREACHABLE_CODE = YES;
				CLANG_WARN__DUPLICATE_METHOD_MATCH = YES;
				"CODE_SIGN_IDENTITY[sdk=iphoneos*]" = "iPhone Developer";
				COPY_PHASE_STRIP = NO;
				DEBUG_INFORMATION_FORMAT = dwarf;
				ENABLE_STRICT_OBJC_MSGSEND = YES;
				ENABLE_TESTABILITY = YES;
				GCC_C_LANGUAGE_STANDARD = gnu99;
				GCC_DYNAMIC_NO_PIC = NO;
				GCC_NO_COMMON_BLOCKS = YES;
				GCC_OPTIMIZATION_LEVEL = 0;
				GCC_PREPROCESSOR_DEFINITIONS = (
					"DEBUG=1",
					"$(inherited)",
				);
				GCC_WARN_64_TO_32_BIT_CONVERSION = YES;
				GCC_WARN_ABOUT_RETURN_TYPE = YES_ERROR;
				GCC_WARN_UNDECLARED_SELECTOR = YES;
				GCC_WARN_UNINITIALIZED_AUTOS = YES_AGGRESSIVE;
				GCC_WARN_UNUSED_FUNCTION = YES;
				GCC_WARN_UNUSED_VARIABLE = YES;
				IPHONEOS_DEPLOYMENT_TARGET = 10.2;
				MTL_ENABLE_DEBUG_INFO = YES;
				ONLY_ACTIVE_ARCH = YES;
				SDKROOT = iphoneos;
				SWIFT_ACTIVE_COMPILATION_CONDITIONS = DEBUG;
				SWIFT_OPTIMIZATION_LEVEL = "-Onone";
				TARGETED_DEVICE_FAMILY = "1,2";
			};
			name = Debug;
		};
		A72790731E46566B00211CE9 /* Release */ = {
			isa = XCBuildConfiguration;
			buildSettings = {
				ALWAYS_SEARCH_USER_PATHS = NO;
				CLANG_ANALYZER_NONNULL = YES;
				CLANG_CXX_LANGUAGE_STANDARD = "gnu++0x";
				CLANG_CXX_LIBRARY = "libc++";
				CLANG_ENABLE_MODULES = YES;
				CLANG_ENABLE_OBJC_ARC = YES;
				CLANG_WARN_BOOL_CONVERSION = YES;
				CLANG_WARN_CONSTANT_CONVERSION = YES;
				CLANG_WARN_DIRECT_OBJC_ISA_USAGE = YES_ERROR;
				CLANG_WARN_DOCUMENTATION_COMMENTS = YES;
				CLANG_WARN_EMPTY_BODY = YES;
				CLANG_WARN_ENUM_CONVERSION = YES;
				CLANG_WARN_INFINITE_RECURSION = YES;
				CLANG_WARN_INT_CONVERSION = YES;
				CLANG_WARN_OBJC_ROOT_CLASS = YES_ERROR;
				CLANG_WARN_SUSPICIOUS_MOVE = YES;
				CLANG_WARN_UNREACHABLE_CODE = YES;
				CLANG_WARN__DUPLICATE_METHOD_MATCH = YES;
				"CODE_SIGN_IDENTITY[sdk=iphoneos*]" = "iPhone Developer";
				COPY_PHASE_STRIP = NO;
				DEBUG_INFORMATION_FORMAT = "dwarf-with-dsym";
				ENABLE_NS_ASSERTIONS = NO;
				ENABLE_STRICT_OBJC_MSGSEND = YES;
				GCC_C_LANGUAGE_STANDARD = gnu99;
				GCC_NO_COMMON_BLOCKS = YES;
				GCC_WARN_64_TO_32_BIT_CONVERSION = YES;
				GCC_WARN_ABOUT_RETURN_TYPE = YES_ERROR;
				GCC_WARN_UNDECLARED_SELECTOR = YES;
				GCC_WARN_UNINITIALIZED_AUTOS = YES_AGGRESSIVE;
				GCC_WARN_UNUSED_FUNCTION = YES;
				GCC_WARN_UNUSED_VARIABLE = YES;
				IPHONEOS_DEPLOYMENT_TARGET = 10.2;
				MTL_ENABLE_DEBUG_INFO = NO;
				SDKROOT = iphoneos;
				SWIFT_OPTIMIZATION_LEVEL = "-Owholemodule";
				TARGETED_DEVICE_FAMILY = "1,2";
				VALIDATE_PRODUCT = YES;
			};
			name = Release;
		};
		A72790751E46566B00211CE9 /* Debug */ = {
			isa = XCBuildConfiguration;
			baseConfigurationReference = 295ED95A2D02477BA96847D1 /* Pods-epixsoft social.debug.xcconfig */;
			buildSettings = {
				ASSETCATALOG_COMPILER_APPICON_NAME = AppIcon;
				CODE_SIGN_ENTITLEMENTS = "epixsoft social/epixsoft social.entitlements";
				"CODE_SIGN_IDENTITY[sdk=iphoneos*]" = "iPhone Developer";
				DEVELOPMENT_TEAM = XL6987KDEY;
				INFOPLIST_FILE = "epixsoft social/Info.plist";
				LD_RUNPATH_SEARCH_PATHS = "$(inherited) @executable_path/Frameworks";
				PRODUCT_BUNDLE_IDENTIFIER = "com.epixsoft.epixsoft-social";
				PRODUCT_NAME = "$(TARGET_NAME)";
				SWIFT_VERSION = 3.0;
			};
			name = Debug;
		};
		A72790761E46566B00211CE9 /* Release */ = {
			isa = XCBuildConfiguration;
			baseConfigurationReference = F14DA7BECE16F34881CF0C2A /* Pods-epixsoft social.release.xcconfig */;
			buildSettings = {
				ASSETCATALOG_COMPILER_APPICON_NAME = AppIcon;
				CODE_SIGN_ENTITLEMENTS = "epixsoft social/epixsoft social.entitlements";
				"CODE_SIGN_IDENTITY[sdk=iphoneos*]" = "iPhone Developer";
				DEVELOPMENT_TEAM = XL6987KDEY;
				INFOPLIST_FILE = "epixsoft social/Info.plist";
				LD_RUNPATH_SEARCH_PATHS = "$(inherited) @executable_path/Frameworks";
				PRODUCT_BUNDLE_IDENTIFIER = "com.epixsoft.epixsoft-social";
				PRODUCT_NAME = "$(TARGET_NAME)";
				SWIFT_VERSION = 3.0;
			};
			name = Release;
		};
/* End XCBuildConfiguration section */

/* Begin XCConfigurationList section */
		A727905D1E46566B00211CE9 /* Build configuration list for PBXProject "epixsoft social" */ = {
			isa = XCConfigurationList;
			buildConfigurations = (
				A72790721E46566B00211CE9 /* Debug */,
				A72790731E46566B00211CE9 /* Release */,
			);
			defaultConfigurationIsVisible = 0;
			defaultConfigurationName = Release;
		};
		A72790741E46566B00211CE9 /* Build configuration list for PBXNativeTarget "epixsoft social" */ = {
			isa = XCConfigurationList;
			buildConfigurations = (
				A72790751E46566B00211CE9 /* Debug */,
				A72790761E46566B00211CE9 /* Release */,
			);
			defaultConfigurationIsVisible = 0;
			defaultConfigurationName = Release;
		};
/* End XCConfigurationList section */
	};
	rootObject = A727905A1E46566B00211CE9 /* Project object */;
}
